// !$*UTF8*$!
{
	archiveVersion = 1;
	classes = {
	};
	objectVersion = 56;
	objects = {

/* Begin PBXBuildFile section */
		06CD2E2228813A07005D484E /* RandomNumberGeneratorWithSeed.swift in Sources */ = {isa = PBXBuildFile; fileRef = 06CD2E2128813A07005D484E /* RandomNumberGeneratorWithSeed.swift */; };
		06CD2E2428813C63005D484E /* ProminentButtonStyle.swift in Sources */ = {isa = PBXBuildFile; fileRef = 06CD2E2328813C63005D484E /* ProminentButtonStyle.swift */; };
		06CD2E2728813E43005D484E /* WelcomeView.swift in Sources */ = {isa = PBXBuildFile; fileRef = 06CD2E2628813E43005D484E /* WelcomeView.swift */; };
		06CD2E2928813FFA005D484E /* AppStorage.swift in Sources */ = {isa = PBXBuildFile; fileRef = 06CD2E2828813FFA005D484E /* AppStorage.swift */; };
		06CD2E2B2881727E005D484E /* GamePlayAnswerView.swift in Sources */ = {isa = PBXBuildFile; fileRef = 06CD2E2A2881727E005D484E /* GamePlayAnswerView.swift */; };
		06CD2E2D28817306005D484E /* Song+Styles.swift in Sources */ = {isa = PBXBuildFile; fileRef = 06CD2E2C28817306005D484E /* Song+Styles.swift */; };
		06CD2E2F28817489005D484E /* BlueSlide.swift in Sources */ = {isa = PBXBuildFile; fileRef = 06CD2E2E28817489005D484E /* BlueSlide.swift */; };
		06D9AD2E287EB39400F2D2EA /* Assets.xcassets in Resources */ = {isa = PBXBuildFile; fileRef = 06D9AD2D287EB39400F2D2EA /* Assets.xcassets */; };
		06D9AD32287EB39400F2D2EA /* Preview Assets.xcassets in Resources */ = {isa = PBXBuildFile; fileRef = 06D9AD31287EB39400F2D2EA /* Preview Assets.xcassets */; };
		06D9AD7B2881388A00F2D2EA /* AppState.swift in Sources */ = {isa = PBXBuildFile; fileRef = 06D9AD642881388A00F2D2EA /* AppState.swift */; };
		06D9AD7C2881388A00F2D2EA /* Clue.swift in Sources */ = {isa = PBXBuildFile; fileRef = 06D9AD662881388A00F2D2EA /* Clue.swift */; };
		06D9AD7D2881388A00F2D2EA /* Game.swift in Sources */ = {isa = PBXBuildFile; fileRef = 06D9AD672881388A00F2D2EA /* Game.swift */; };
		06D9AD7E2881388A00F2D2EA /* Category.swift in Sources */ = {isa = PBXBuildFile; fileRef = 06D9AD682881388A00F2D2EA /* Category.swift */; };
		06D9AD7F2881388A00F2D2EA /* ErrorAlertItem.swift in Sources */ = {isa = PBXBuildFile; fileRef = 06D9AD692881388A00F2D2EA /* ErrorAlertItem.swift */; };
		06D9AD802881388A00F2D2EA /* Player.swift in Sources */ = {isa = PBXBuildFile; fileRef = 06D9AD6A2881388A00F2D2EA /* Player.swift */; };
		06D9AD812881388A00F2D2EA /* ClueSet.swift in Sources */ = {isa = PBXBuildFile; fileRef = 06D9AD6B2881388A00F2D2EA /* ClueSet.swift */; };
		06D9AD822881388A00F2D2EA /* APGameViewModel.swift in Sources */ = {isa = PBXBuildFile; fileRef = 06D9AD6C2881388A00F2D2EA /* APGameViewModel.swift */; };
		06D9AD832881388A00F2D2EA /* MusicGuessApp.swift in Sources */ = {isa = PBXBuildFile; fileRef = 06D9AD6D2881388A00F2D2EA /* MusicGuessApp.swift */; };
		06D9AD842881388A00F2D2EA /* LanguageManager.swift in Sources */ = {isa = PBXBuildFile; fileRef = 06D9AD6E2881388A00F2D2EA /* LanguageManager.swift */; };
		06D9AD852881388A00F2D2EA /* MusicManager.swift in Sources */ = {isa = PBXBuildFile; fileRef = 06D9AD6F2881388A00F2D2EA /* MusicManager.swift */; };
		06D9AD862881388A00F2D2EA /* APGameView.swift in Sources */ = {isa = PBXBuildFile; fileRef = 06D9AD712881388A00F2D2EA /* APGameView.swift */; };
		06D9AD872881388A00F2D2EA /* LeaderboardView.swift in Sources */ = {isa = PBXBuildFile; fileRef = 06D9AD722881388A00F2D2EA /* LeaderboardView.swift */; };
		06D9AD882881388A00F2D2EA /* GamePlayView.swift in Sources */ = {isa = PBXBuildFile; fileRef = 06D9AD732881388A00F2D2EA /* GamePlayView.swift */; };
		06D9AD892881388A00F2D2EA /* RootView.swift in Sources */ = {isa = PBXBuildFile; fileRef = 06D9AD742881388A00F2D2EA /* RootView.swift */; };
		06D9AD8A2881388A00F2D2EA /* PlayerConfigView.swift in Sources */ = {isa = PBXBuildFile; fileRef = 06D9AD752881388A00F2D2EA /* PlayerConfigView.swift */; };
		06D9AD8B2881388A00F2D2EA /* BackgroundView.swift in Sources */ = {isa = PBXBuildFile; fileRef = 06D9AD762881388A00F2D2EA /* BackgroundView.swift */; };
		06D9AD8C2881388A00F2D2EA /* ClueView.swift in Sources */ = {isa = PBXBuildFile; fileRef = 06D9AD772881388A00F2D2EA /* ClueView.swift */; };
		06D9AD8D2881388A00F2D2EA /* PlayerCellView.swift in Sources */ = {isa = PBXBuildFile; fileRef = 06D9AD782881388A00F2D2EA /* PlayerCellView.swift */; };
		06D9AD8E2881388A00F2D2EA /* APBoardView.swift in Sources */ = {isa = PBXBuildFile; fileRef = 06D9AD792881388A00F2D2EA /* APBoardView.swift */; };
		06D9AD8F2881388A00F2D2EA /* Impact.ttf in Resources */ = {isa = PBXBuildFile; fileRef = 06D9AD7A2881388A00F2D2EA /* Impact.ttf */; };
		06D9AD94288138FD00F2D2EA /* CustomColors.swift in Sources */ = {isa = PBXBuildFile; fileRef = 06D9AD91288138FD00F2D2EA /* CustomColors.swift */; };
		06D9AD95288138FD00F2D2EA /* View+Scales.swift in Sources */ = {isa = PBXBuildFile; fileRef = 06D9AD92288138FD00F2D2EA /* View+Scales.swift */; };
		06D9AD96288138FD00F2D2EA /* ControlStyles.swift in Sources */ = {isa = PBXBuildFile; fileRef = 06D9AD93288138FD00F2D2EA /* ControlStyles.swift */; };
/* End PBXBuildFile section */

/* Begin PBXFileReference section */
		06CD2E2128813A07005D484E /* RandomNumberGeneratorWithSeed.swift */ = {isa = PBXFileReference; lastKnownFileType = sourcecode.swift; path = RandomNumberGeneratorWithSeed.swift; sourceTree = "<group>"; };
		06CD2E2328813C63005D484E /* ProminentButtonStyle.swift */ = {isa = PBXFileReference; lastKnownFileType = sourcecode.swift; path = ProminentButtonStyle.swift; sourceTree = "<group>"; };
		06CD2E2528813CEB005D484E /* Info.plist */ = {isa = PBXFileReference; lastKnownFileType = text.plist; path = Info.plist; sourceTree = "<group>"; };
		06CD2E2628813E43005D484E /* WelcomeView.swift */ = {isa = PBXFileReference; lastKnownFileType = sourcecode.swift; path = WelcomeView.swift; sourceTree = "<group>"; };
		06CD2E2828813FFA005D484E /* AppStorage.swift */ = {isa = PBXFileReference; lastKnownFileType = sourcecode.swift; path = AppStorage.swift; sourceTree = "<group>"; };
		06CD2E2A2881727E005D484E /* GamePlayAnswerView.swift */ = {isa = PBXFileReference; lastKnownFileType = sourcecode.swift; path = GamePlayAnswerView.swift; sourceTree = "<group>"; };
		06CD2E2C28817306005D484E /* Song+Styles.swift */ = {isa = PBXFileReference; lastKnownFileType = sourcecode.swift; path = "Song+Styles.swift"; sourceTree = "<group>"; };
		06CD2E2E28817489005D484E /* BlueSlide.swift */ = {isa = PBXFileReference; lastKnownFileType = sourcecode.swift; path = BlueSlide.swift; sourceTree = "<group>"; };
		06D9AD26287EB39300F2D2EA /* MusicGuess.app */ = {isa = PBXFileReference; explicitFileType = wrapper.application; includeInIndex = 0; path = MusicGuess.app; sourceTree = BUILT_PRODUCTS_DIR; };
		06D9AD2D287EB39400F2D2EA /* Assets.xcassets */ = {isa = PBXFileReference; lastKnownFileType = folder.assetcatalog; path = Assets.xcassets; sourceTree = "<group>"; };
		06D9AD2F287EB39400F2D2EA /* MusicGuess.entitlements */ = {isa = PBXFileReference; lastKnownFileType = text.plist.entitlements; path = MusicGuess.entitlements; sourceTree = "<group>"; };
		06D9AD31287EB39400F2D2EA /* Preview Assets.xcassets */ = {isa = PBXFileReference; lastKnownFileType = folder.assetcatalog; path = "Preview Assets.xcassets"; sourceTree = "<group>"; };
		06D9AD642881388A00F2D2EA /* AppState.swift */ = {isa = PBXFileReference; fileEncoding = 4; lastKnownFileType = sourcecode.swift; path = AppState.swift; sourceTree = "<group>"; };
		06D9AD662881388A00F2D2EA /* Clue.swift */ = {isa = PBXFileReference; fileEncoding = 4; lastKnownFileType = sourcecode.swift; path = Clue.swift; sourceTree = "<group>"; };
		06D9AD672881388A00F2D2EA /* Game.swift */ = {isa = PBXFileReference; fileEncoding = 4; lastKnownFileType = sourcecode.swift; path = Game.swift; sourceTree = "<group>"; };
		06D9AD682881388A00F2D2EA /* Category.swift */ = {isa = PBXFileReference; fileEncoding = 4; lastKnownFileType = sourcecode.swift; path = Category.swift; sourceTree = "<group>"; };
		06D9AD692881388A00F2D2EA /* ErrorAlertItem.swift */ = {isa = PBXFileReference; fileEncoding = 4; lastKnownFileType = sourcecode.swift; path = ErrorAlertItem.swift; sourceTree = "<group>"; };
		06D9AD6A2881388A00F2D2EA /* Player.swift */ = {isa = PBXFileReference; fileEncoding = 4; lastKnownFileType = sourcecode.swift; path = Player.swift; sourceTree = "<group>"; };
		06D9AD6B2881388A00F2D2EA /* ClueSet.swift */ = {isa = PBXFileReference; fileEncoding = 4; lastKnownFileType = sourcecode.swift; path = ClueSet.swift; sourceTree = "<group>"; };
		06D9AD6C2881388A00F2D2EA /* APGameViewModel.swift */ = {isa = PBXFileReference; fileEncoding = 4; lastKnownFileType = sourcecode.swift; path = APGameViewModel.swift; sourceTree = "<group>"; };
		06D9AD6D2881388A00F2D2EA /* MusicGuessApp.swift */ = {isa = PBXFileReference; fileEncoding = 4; lastKnownFileType = sourcecode.swift; path = MusicGuessApp.swift; sourceTree = "<group>"; };
		06D9AD6E2881388A00F2D2EA /* LanguageManager.swift */ = {isa = PBXFileReference; fileEncoding = 4; lastKnownFileType = sourcecode.swift; path = LanguageManager.swift; sourceTree = "<group>"; };
		06D9AD6F2881388A00F2D2EA /* MusicManager.swift */ = {isa = PBXFileReference; fileEncoding = 4; lastKnownFileType = sourcecode.swift; path = MusicManager.swift; sourceTree = "<group>"; };
		06D9AD712881388A00F2D2EA /* APGameView.swift */ = {isa = PBXFileReference; fileEncoding = 4; lastKnownFileType = sourcecode.swift; path = APGameView.swift; sourceTree = "<group>"; };
		06D9AD722881388A00F2D2EA /* LeaderboardView.swift */ = {isa = PBXFileReference; fileEncoding = 4; lastKnownFileType = sourcecode.swift; path = LeaderboardView.swift; sourceTree = "<group>"; };
		06D9AD732881388A00F2D2EA /* GamePlayView.swift */ = {isa = PBXFileReference; fileEncoding = 4; lastKnownFileType = sourcecode.swift; path = GamePlayView.swift; sourceTree = "<group>"; };
		06D9AD742881388A00F2D2EA /* RootView.swift */ = {isa = PBXFileReference; fileEncoding = 4; lastKnownFileType = sourcecode.swift; path = RootView.swift; sourceTree = "<group>"; };
		06D9AD752881388A00F2D2EA /* PlayerConfigView.swift */ = {isa = PBXFileReference; fileEncoding = 4; lastKnownFileType = sourcecode.swift; path = PlayerConfigView.swift; sourceTree = "<group>"; };
		06D9AD762881388A00F2D2EA /* BackgroundView.swift */ = {isa = PBXFileReference; fileEncoding = 4; lastKnownFileType = sourcecode.swift; path = BackgroundView.swift; sourceTree = "<group>"; };
		06D9AD772881388A00F2D2EA /* ClueView.swift */ = {isa = PBXFileReference; fileEncoding = 4; lastKnownFileType = sourcecode.swift; path = ClueView.swift; sourceTree = "<group>"; };
		06D9AD782881388A00F2D2EA /* PlayerCellView.swift */ = {isa = PBXFileReference; fileEncoding = 4; lastKnownFileType = sourcecode.swift; path = PlayerCellView.swift; sourceTree = "<group>"; };
		06D9AD792881388A00F2D2EA /* APBoardView.swift */ = {isa = PBXFileReference; fileEncoding = 4; lastKnownFileType = sourcecode.swift; path = APBoardView.swift; sourceTree = "<group>"; };
		06D9AD7A2881388A00F2D2EA /* Impact.ttf */ = {isa = PBXFileReference; lastKnownFileType = file; path = Impact.ttf; sourceTree = "<group>"; };
		06D9AD91288138FD00F2D2EA /* CustomColors.swift */ = {isa = PBXFileReference; fileEncoding = 4; lastKnownFileType = sourcecode.swift; path = CustomColors.swift; sourceTree = "<group>"; };
		06D9AD92288138FD00F2D2EA /* View+Scales.swift */ = {isa = PBXFileReference; fileEncoding = 4; lastKnownFileType = sourcecode.swift; path = "View+Scales.swift"; sourceTree = "<group>"; };
		06D9AD93288138FD00F2D2EA /* ControlStyles.swift */ = {isa = PBXFileReference; fileEncoding = 4; lastKnownFileType = sourcecode.swift; path = ControlStyles.swift; sourceTree = "<group>"; };
/* End PBXFileReference section */

/* Begin PBXFrameworksBuildPhase section */
		06D9AD23287EB39300F2D2EA /* Frameworks */ = {
			isa = PBXFrameworksBuildPhase;
			buildActionMask = 2147483647;
			files = (
			);
			runOnlyForDeploymentPostprocessing = 0;
		};
/* End PBXFrameworksBuildPhase section */

/* Begin PBXGroup section */
		0673001D28817FD000C58726 /* GameView */ = {
			isa = PBXGroup;
			children = (
				06D9AD6C2881388A00F2D2EA /* APGameViewModel.swift */,
				06D9AD712881388A00F2D2EA /* APGameView.swift */,
				06D9AD792881388A00F2D2EA /* APBoardView.swift */,
				06D9AD772881388A00F2D2EA /* ClueView.swift */,
				06D9AD732881388A00F2D2EA /* GamePlayView.swift */,
				06CD2E2A2881727E005D484E /* GamePlayAnswerView.swift */,
				06D9AD782881388A00F2D2EA /* PlayerCellView.swift */,
				06D9AD722881388A00F2D2EA /* LeaderboardView.swift */,
			);
			path = GameView;
			sourceTree = "<group>";
		};
		0673001E2881803400C58726 /* Helper */ = {
			isa = PBXGroup;
			children = (
				06CD2E2128813A07005D484E /* RandomNumberGeneratorWithSeed.swift */,
			);
			path = Helper;
			sourceTree = "<group>";
		};
		0673001F2881806600C58726 /* ConfigView */ = {
			isa = PBXGroup;
			children = (
				06D9AD752881388A00F2D2EA /* PlayerConfigView.swift */,
			);
			path = ConfigView;
			sourceTree = "<group>";
		};
		06730020288180C500C58726 /* AppModel */ = {
			isa = PBXGroup;
			children = (
				06D9AD6D2881388A00F2D2EA /* MusicGuessApp.swift */,
				06D9AD642881388A00F2D2EA /* AppState.swift */,
				06CD2E2828813FFA005D484E /* AppStorage.swift */,
				06D9AD6E2881388A00F2D2EA /* LanguageManager.swift */,
				06D9AD6F2881388A00F2D2EA /* MusicManager.swift */,
			);
			path = AppModel;
			sourceTree = "<group>";
		};
		06730021288180CE00C58726 /* Assets */ = {
			isa = PBXGroup;
			children = (
				06D9AD2D287EB39400F2D2EA /* Assets.xcassets */,
				06D9AD7A2881388A00F2D2EA /* Impact.ttf */,
			);
			path = Assets;
			sourceTree = "<group>";
		};
		06D9AD1D287EB39300F2D2EA = {
			isa = PBXGroup;
			children = (
				06D9AD28287EB39300F2D2EA /* MusicGuess */,
				06D9AD27287EB39300F2D2EA /* Products */,
			);
			sourceTree = "<group>";
		};
		06D9AD27287EB39300F2D2EA /* Products */ = {
			isa = PBXGroup;
			children = (
				06D9AD26287EB39300F2D2EA /* MusicGuess.app */,
			);
			name = Products;
			sourceTree = "<group>";
		};
		06D9AD28287EB39300F2D2EA /* MusicGuess */ = {
			isa = PBXGroup;
			children = (
				06CD2E2528813CEB005D484E /* Info.plist */,
				06D9AD2F287EB39400F2D2EA /* MusicGuess.entitlements */,
				06730021288180CE00C58726 /* Assets */,
				06730020288180C500C58726 /* AppModel */,
				0673001E2881803400C58726 /* Helper */,
				06D9AD652881388A00F2D2EA /* GameModel */,
				06D9AD702881388A00F2D2EA /* View */,
				06D9AD90288138FD00F2D2EA /* View Modifiers */,
				06D9AD30287EB39400F2D2EA /* Preview Content */,
			);
			path = MusicGuess;
			sourceTree = "<group>";
		};
		06D9AD30287EB39400F2D2EA /* Preview Content */ = {
			isa = PBXGroup;
			children = (
				06D9AD31287EB39400F2D2EA /* Preview Assets.xcassets */,
			);
			path = "Preview Content";
			sourceTree = "<group>";
		};
		06D9AD652881388A00F2D2EA /* GameModel */ = {
			isa = PBXGroup;
			children = (
				06D9AD662881388A00F2D2EA /* Clue.swift */,
				06D9AD672881388A00F2D2EA /* Game.swift */,
				06D9AD682881388A00F2D2EA /* Category.swift */,
				06D9AD692881388A00F2D2EA /* ErrorAlertItem.swift */,
				06D9AD6A2881388A00F2D2EA /* Player.swift */,
				06D9AD6B2881388A00F2D2EA /* ClueSet.swift */,
			);
			path = GameModel;
			sourceTree = "<group>";
		};
		06D9AD702881388A00F2D2EA /* View */ = {
			isa = PBXGroup;
			children = (
				06CD2E2628813E43005D484E /* WelcomeView.swift */,
				06D9AD762881388A00F2D2EA /* BackgroundView.swift */,
				06D9AD742881388A00F2D2EA /* RootView.swift */,
				0673001F2881806600C58726 /* ConfigView */,
				0673001D28817FD000C58726 /* GameView */,
			);
			path = View;
			sourceTree = "<group>";
		};
		06D9AD90288138FD00F2D2EA /* View Modifiers */ = {
			isa = PBXGroup;
			children = (
				06D9AD91288138FD00F2D2EA /* CustomColors.swift */,
				06D9AD92288138FD00F2D2EA /* View+Scales.swift */,
				06D9AD93288138FD00F2D2EA /* ControlStyles.swift */,
				06CD2E2328813C63005D484E /* ProminentButtonStyle.swift */,
				06CD2E2C28817306005D484E /* Song+Styles.swift */,
				06CD2E2E28817489005D484E /* BlueSlide.swift */,
			);
			path = "View Modifiers";
			sourceTree = "<group>";
		};
/* End PBXGroup section */

/* Begin PBXNativeTarget section */
		06D9AD25287EB39300F2D2EA /* MusicGuess */ = {
			isa = PBXNativeTarget;
			buildConfigurationList = 06D9AD35287EB39400F2D2EA /* Build configuration list for PBXNativeTarget "MusicGuess" */;
			buildPhases = (
				06D9AD22287EB39300F2D2EA /* Sources */,
				06D9AD23287EB39300F2D2EA /* Frameworks */,
				06D9AD24287EB39300F2D2EA /* Resources */,
			);
			buildRules = (
			);
			dependencies = (
			);
			name = MusicGuess;
			productName = MusicGuess;
			productReference = 06D9AD26287EB39300F2D2EA /* MusicGuess.app */;
			productType = "com.apple.product-type.application";
		};
/* End PBXNativeTarget section */

/* Begin PBXProject section */
		06D9AD1E287EB39300F2D2EA /* Project object */ = {
			isa = PBXProject;
			attributes = {
				BuildIndependentTargetsInParallel = 1;
				LastSwiftUpdateCheck = 1400;
				LastUpgradeCheck = 1400;
				TargetAttributes = {
					06D9AD25287EB39300F2D2EA = {
						CreatedOnToolsVersion = 14.0;
						LastSwiftMigration = 1400;
					};
				};
			};
			buildConfigurationList = 06D9AD21287EB39300F2D2EA /* Build configuration list for PBXProject "MusicGuess" */;
			compatibilityVersion = "Xcode 14.0";
			developmentRegion = en;
			hasScannedForEncodings = 0;
			knownRegions = (
				en,
				Base,
			);
			mainGroup = 06D9AD1D287EB39300F2D2EA;
			productRefGroup = 06D9AD27287EB39300F2D2EA /* Products */;
			projectDirPath = "";
			projectRoot = "";
			targets = (
				06D9AD25287EB39300F2D2EA /* MusicGuess */,
			);
		};
/* End PBXProject section */

/* Begin PBXResourcesBuildPhase section */
		06D9AD24287EB39300F2D2EA /* Resources */ = {
			isa = PBXResourcesBuildPhase;
			buildActionMask = 2147483647;
			files = (
				06D9AD8F2881388A00F2D2EA /* Impact.ttf in Resources */,
				06D9AD32287EB39400F2D2EA /* Preview Assets.xcassets in Resources */,
				06D9AD2E287EB39400F2D2EA /* Assets.xcassets in Resources */,
			);
			runOnlyForDeploymentPostprocessing = 0;
		};
/* End PBXResourcesBuildPhase section */

/* Begin PBXSourcesBuildPhase section */
		06D9AD22287EB39300F2D2EA /* Sources */ = {
			isa = PBXSourcesBuildPhase;
			buildActionMask = 2147483647;
			files = (
				06D9AD8E2881388A00F2D2EA /* APBoardView.swift in Sources */,
				06D9AD95288138FD00F2D2EA /* View+Scales.swift in Sources */,
				06CD2E2B2881727E005D484E /* GamePlayAnswerView.swift in Sources */,
				06D9AD812881388A00F2D2EA /* ClueSet.swift in Sources */,
				06CD2E2728813E43005D484E /* WelcomeView.swift in Sources */,
				06CD2E2F28817489005D484E /* BlueSlide.swift in Sources */,
				06D9AD8C2881388A00F2D2EA /* ClueView.swift in Sources */,
				06D9AD7F2881388A00F2D2EA /* ErrorAlertItem.swift in Sources */,
				06D9AD7C2881388A00F2D2EA /* Clue.swift in Sources */,
				06D9AD7D2881388A00F2D2EA /* Game.swift in Sources */,
				06D9AD852881388A00F2D2EA /* MusicManager.swift in Sources */,
				06CD2E2D28817306005D484E /* Song+Styles.swift in Sources */,
				06D9AD892881388A00F2D2EA /* RootView.swift in Sources */,
				06CD2E2428813C63005D484E /* ProminentButtonStyle.swift in Sources */,
				06D9AD832881388A00F2D2EA /* MusicGuessApp.swift in Sources */,
				06D9AD8B2881388A00F2D2EA /* BackgroundView.swift in Sources */,
				06D9AD7B2881388A00F2D2EA /* AppState.swift in Sources */,
				06D9AD802881388A00F2D2EA /* Player.swift in Sources */,
				06CD2E2228813A07005D484E /* RandomNumberGeneratorWithSeed.swift in Sources */,
				06D9AD842881388A00F2D2EA /* LanguageManager.swift in Sources */,
				06D9AD96288138FD00F2D2EA /* ControlStyles.swift in Sources */,
				06D9AD8A2881388A00F2D2EA /* PlayerConfigView.swift in Sources */,
				06D9AD862881388A00F2D2EA /* APGameView.swift in Sources */,
				06D9AD882881388A00F2D2EA /* GamePlayView.swift in Sources */,
				06D9AD94288138FD00F2D2EA /* CustomColors.swift in Sources */,
				06D9AD7E2881388A00F2D2EA /* Category.swift in Sources */,
				06D9AD822881388A00F2D2EA /* APGameViewModel.swift in Sources */,
				06CD2E2928813FFA005D484E /* AppStorage.swift in Sources */,
				06D9AD8D2881388A00F2D2EA /* PlayerCellView.swift in Sources */,
				06D9AD872881388A00F2D2EA /* LeaderboardView.swift in Sources */,
			);
			runOnlyForDeploymentPostprocessing = 0;
		};
/* End PBXSourcesBuildPhase section */

/* Begin XCBuildConfiguration section */
		06D9AD33287EB39400F2D2EA /* Debug */ = {
			isa = XCBuildConfiguration;
			buildSettings = {
				ALWAYS_SEARCH_USER_PATHS = NO;
				CLANG_ANALYZER_NONNULL = YES;
				CLANG_ANALYZER_NUMBER_OBJECT_CONVERSION = YES_AGGRESSIVE;
				CLANG_CXX_LANGUAGE_STANDARD = "gnu++17";
				CLANG_ENABLE_MODULES = YES;
				CLANG_ENABLE_OBJC_ARC = YES;
				CLANG_ENABLE_OBJC_WEAK = YES;
				CLANG_WARN_BLOCK_CAPTURE_AUTORELEASING = YES;
				CLANG_WARN_BOOL_CONVERSION = YES;
				CLANG_WARN_COMMA = YES;
				CLANG_WARN_CONSTANT_CONVERSION = YES;
				CLANG_WARN_DEPRECATED_OBJC_IMPLEMENTATIONS = YES;
				CLANG_WARN_DIRECT_OBJC_ISA_USAGE = YES_ERROR;
				CLANG_WARN_DOCUMENTATION_COMMENTS = YES;
				CLANG_WARN_EMPTY_BODY = YES;
				CLANG_WARN_ENUM_CONVERSION = YES;
				CLANG_WARN_INFINITE_RECURSION = YES;
				CLANG_WARN_INT_CONVERSION = YES;
				CLANG_WARN_NON_LITERAL_NULL_CONVERSION = YES;
				CLANG_WARN_OBJC_IMPLICIT_RETAIN_SELF = YES;
				CLANG_WARN_OBJC_LITERAL_CONVERSION = YES;
				CLANG_WARN_OBJC_ROOT_CLASS = YES_ERROR;
				CLANG_WARN_QUOTED_INCLUDE_IN_FRAMEWORK_HEADER = YES;
				CLANG_WARN_RANGE_LOOP_ANALYSIS = YES;
				CLANG_WARN_STRICT_PROTOTYPES = YES;
				CLANG_WARN_SUSPICIOUS_MOVE = YES;
				CLANG_WARN_UNGUARDED_AVAILABILITY = YES_AGGRESSIVE;
				CLANG_WARN_UNREACHABLE_CODE = YES;
				CLANG_WARN__DUPLICATE_METHOD_MATCH = YES;
				COPY_PHASE_STRIP = NO;
				DEBUG_INFORMATION_FORMAT = dwarf;
				ENABLE_STRICT_OBJC_MSGSEND = YES;
				ENABLE_TESTABILITY = YES;
				GCC_C_LANGUAGE_STANDARD = gnu11;
				GCC_DYNAMIC_NO_PIC = NO;
				GCC_NO_COMMON_BLOCKS = YES;
				GCC_OPTIMIZATION_LEVEL = 0;
				GCC_PREPROCESSOR_DEFINITIONS = (
					"DEBUG=1",
					"$(inherited)",
				);
				GCC_WARN_64_TO_32_BIT_CONVERSION = YES;
				GCC_WARN_ABOUT_RETURN_TYPE = YES_ERROR;
				GCC_WARN_UNDECLARED_SELECTOR = YES;
				GCC_WARN_UNINITIALIZED_AUTOS = YES_AGGRESSIVE;
				GCC_WARN_UNUSED_FUNCTION = YES;
				GCC_WARN_UNUSED_VARIABLE = YES;
				MTL_ENABLE_DEBUG_INFO = INCLUDE_SOURCE;
				MTL_FAST_MATH = YES;
				ONLY_ACTIVE_ARCH = YES;
				SWIFT_ACTIVE_COMPILATION_CONDITIONS = DEBUG;
				SWIFT_OPTIMIZATION_LEVEL = "-Onone";
			};
			name = Debug;
		};
		06D9AD34287EB39400F2D2EA /* Release */ = {
			isa = XCBuildConfiguration;
			buildSettings = {
				ALWAYS_SEARCH_USER_PATHS = NO;
				CLANG_ANALYZER_NONNULL = YES;
				CLANG_ANALYZER_NUMBER_OBJECT_CONVERSION = YES_AGGRESSIVE;
				CLANG_CXX_LANGUAGE_STANDARD = "gnu++17";
				CLANG_ENABLE_MODULES = YES;
				CLANG_ENABLE_OBJC_ARC = YES;
				CLANG_ENABLE_OBJC_WEAK = YES;
				CLANG_WARN_BLOCK_CAPTURE_AUTORELEASING = YES;
				CLANG_WARN_BOOL_CONVERSION = YES;
				CLANG_WARN_COMMA = YES;
				CLANG_WARN_CONSTANT_CONVERSION = YES;
				CLANG_WARN_DEPRECATED_OBJC_IMPLEMENTATIONS = YES;
				CLANG_WARN_DIRECT_OBJC_ISA_USAGE = YES_ERROR;
				CLANG_WARN_DOCUMENTATION_COMMENTS = YES;
				CLANG_WARN_EMPTY_BODY = YES;
				CLANG_WARN_ENUM_CONVERSION = YES;
				CLANG_WARN_INFINITE_RECURSION = YES;
				CLANG_WARN_INT_CONVERSION = YES;
				CLANG_WARN_NON_LITERAL_NULL_CONVERSION = YES;
				CLANG_WARN_OBJC_IMPLICIT_RETAIN_SELF = YES;
				CLANG_WARN_OBJC_LITERAL_CONVERSION = YES;
				CLANG_WARN_OBJC_ROOT_CLASS = YES_ERROR;
				CLANG_WARN_QUOTED_INCLUDE_IN_FRAMEWORK_HEADER = YES;
				CLANG_WARN_RANGE_LOOP_ANALYSIS = YES;
				CLANG_WARN_STRICT_PROTOTYPES = YES;
				CLANG_WARN_SUSPICIOUS_MOVE = YES;
				CLANG_WARN_UNGUARDED_AVAILABILITY = YES_AGGRESSIVE;
				CLANG_WARN_UNREACHABLE_CODE = YES;
				CLANG_WARN__DUPLICATE_METHOD_MATCH = YES;
				COPY_PHASE_STRIP = NO;
				DEBUG_INFORMATION_FORMAT = "dwarf-with-dsym";
				ENABLE_NS_ASSERTIONS = NO;
				ENABLE_STRICT_OBJC_MSGSEND = YES;
				GCC_C_LANGUAGE_STANDARD = gnu11;
				GCC_NO_COMMON_BLOCKS = YES;
				GCC_WARN_64_TO_32_BIT_CONVERSION = YES;
				GCC_WARN_ABOUT_RETURN_TYPE = YES_ERROR;
				GCC_WARN_UNDECLARED_SELECTOR = YES;
				GCC_WARN_UNINITIALIZED_AUTOS = YES_AGGRESSIVE;
				GCC_WARN_UNUSED_FUNCTION = YES;
				GCC_WARN_UNUSED_VARIABLE = YES;
				MTL_ENABLE_DEBUG_INFO = NO;
				MTL_FAST_MATH = YES;
				SWIFT_COMPILATION_MODE = wholemodule;
				SWIFT_OPTIMIZATION_LEVEL = "-O";
			};
			name = Release;
		};
		06D9AD36287EB39400F2D2EA /* Debug */ = {
			isa = XCBuildConfiguration;
			buildSettings = {
				ASSETCATALOG_COMPILER_APPICON_NAME = AppIcon;
				ASSETCATALOG_COMPILER_GLOBAL_ACCENT_COLOR_NAME = AccentColor;
				CLANG_ENABLE_MODULES = YES;
				CODE_SIGN_ENTITLEMENTS = MusicGuess/MusicGuess.entitlements;
				"CODE_SIGN_IDENTITY[sdk=macosx*]" = "Apple Development";
				CODE_SIGN_STYLE = Automatic;
				CURRENT_PROJECT_VERSION = 1;
				DEVELOPMENT_ASSET_PATHS = "\"MusicGuess/Preview Content\"";
				DEVELOPMENT_TEAM = VQUAW2992X;
				ENABLE_HARDENED_RUNTIME = YES;
				ENABLE_PREVIEWS = YES;
				GENERATE_INFOPLIST_FILE = YES;
				INFOPLIST_FILE = MusicGuess/Info.plist;
				"INFOPLIST_KEY_UILaunchScreen_Generation[sdk=iphoneos*]" = YES;
				"INFOPLIST_KEY_UILaunchScreen_Generation[sdk=iphonesimulator*]" = YES;
				INFOPLIST_KEY_UISupportedInterfaceOrientations = "UIInterfaceOrientationLandscapeLeft UIInterfaceOrientationLandscapeRight";
				IPHONEOS_DEPLOYMENT_TARGET = 16.0;
				LD_RUNPATH_SEARCH_PATHS = "@executable_path/Frameworks";
				"LD_RUNPATH_SEARCH_PATHS[sdk=macosx*]" = "@executable_path/../Frameworks";
				MACOSX_DEPLOYMENT_TARGET = 13.0;
				MARKETING_VERSION = 1.0;
				PRODUCT_BUNDLE_IDENTIFIER = com.nightdreamer.MusicGuess;
				PRODUCT_NAME = "$(TARGET_NAME)";
				SDKROOT = auto;
				SUPPORTED_PLATFORMS = "appletvos appletvsimulator iphoneos iphonesimulator";
				SUPPORTS_MACCATALYST = NO;
				SUPPORTS_MAC_DESIGNED_FOR_IPHONE_IPAD = NO;
				SWIFT_EMIT_LOC_STRINGS = YES;
				SWIFT_OPTIMIZATION_LEVEL = "-Onone";
				SWIFT_VERSION = 5.0;
				TARGETED_DEVICE_FAMILY = "1,2,3";
			};
			name = Debug;
		};
		06D9AD37287EB39400F2D2EA /* Release */ = {
			isa = XCBuildConfiguration;
			buildSettings = {
				ASSETCATALOG_COMPILER_APPICON_NAME = AppIcon;
				ASSETCATALOG_COMPILER_GLOBAL_ACCENT_COLOR_NAME = AccentColor;
				CLANG_ENABLE_MODULES = YES;
				CODE_SIGN_ENTITLEMENTS = MusicGuess/MusicGuess.entitlements;
				"CODE_SIGN_IDENTITY[sdk=macosx*]" = "Apple Development";
				CODE_SIGN_STYLE = Automatic;
				CURRENT_PROJECT_VERSION = 1;
				DEVELOPMENT_ASSET_PATHS = "\"MusicGuess/Preview Content\"";
				DEVELOPMENT_TEAM = VQUAW2992X;
				ENABLE_HARDENED_RUNTIME = YES;
				ENABLE_PREVIEWS = YES;
				GENERATE_INFOPLIST_FILE = YES;
				INFOPLIST_FILE = MusicGuess/Info.plist;
				"INFOPLIST_KEY_UILaunchScreen_Generation[sdk=iphoneos*]" = YES;
				"INFOPLIST_KEY_UILaunchScreen_Generation[sdk=iphonesimulator*]" = YES;
				INFOPLIST_KEY_UISupportedInterfaceOrientations = "UIInterfaceOrientationLandscapeLeft UIInterfaceOrientationLandscapeRight";
				IPHONEOS_DEPLOYMENT_TARGET = 16.0;
				LD_RUNPATH_SEARCH_PATHS = "@executable_path/Frameworks";
				"LD_RUNPATH_SEARCH_PATHS[sdk=macosx*]" = "@executable_path/../Frameworks";
				MACOSX_DEPLOYMENT_TARGET = 13.0;
				MARKETING_VERSION = 1.0;
				PRODUCT_BUNDLE_IDENTIFIER = com.nightdreamer.MusicGuess;
				PRODUCT_NAME = "$(TARGET_NAME)";
				SDKROOT = auto;
				SUPPORTED_PLATFORMS = "appletvos appletvsimulator iphoneos iphonesimulator";
				SUPPORTS_MACCATALYST = NO;
				SUPPORTS_MAC_DESIGNED_FOR_IPHONE_IPAD = NO;
				SWIFT_EMIT_LOC_STRINGS = YES;
				SWIFT_VERSION = 5.0;
				TARGETED_DEVICE_FAMILY = "1,2,3";
			};
			name = Release;
		};
/* End XCBuildConfiguration section */

/* Begin XCConfigurationList section */
		06D9AD21287EB39300F2D2EA /* Build configuration list for PBXProject "MusicGuess" */ = {
			isa = XCConfigurationList;
			buildConfigurations = (
				06D9AD33287EB39400F2D2EA /* Debug */,
				06D9AD34287EB39400F2D2EA /* Release */,
			);
			defaultConfigurationIsVisible = 0;
			defaultConfigurationName = Release;
		};
		06D9AD35287EB39400F2D2EA /* Build configuration list for PBXNativeTarget "MusicGuess" */ = {
			isa = XCConfigurationList;
			buildConfigurations = (
				06D9AD36287EB39400F2D2EA /* Debug */,
				06D9AD37287EB39400F2D2EA /* Release */,
			);
			defaultConfigurationIsVisible = 0;
			defaultConfigurationName = Release;
		};
/* End XCConfigurationList section */
	};
	rootObject = 06D9AD1E287EB39300F2D2EA /* Project object */;
}
